// !$*UTF8*$!
{
	archiveVersion = 1;
	classes = {
	};
	objectVersion = 46;
	objects = {

/* Begin PBXBuildFile section */
		83B3BC511CA5A90600D9A69E /* AppDelegate.swift in Sources */ = {isa = PBXBuildFile; fileRef = 83B3BC501CA5A90600D9A69E /* AppDelegate.swift */; };
		83B3BC531CA5A90600D9A69E /* ViewController.swift in Sources */ = {isa = PBXBuildFile; fileRef = 83B3BC521CA5A90600D9A69E /* ViewController.swift */; };
		83B3BC561CA5A90600D9A69E /* Main.storyboard in Resources */ = {isa = PBXBuildFile; fileRef = 83B3BC541CA5A90600D9A69E /* Main.storyboard */; };
		83B3BC581CA5A90600D9A69E /* Assets.xcassets in Resources */ = {isa = PBXBuildFile; fileRef = 83B3BC571CA5A90600D9A69E /* Assets.xcassets */; };
		83B3BC5B1CA5A90600D9A69E /* LaunchScreen.storyboard in Resources */ = {isa = PBXBuildFile; fileRef = 83B3BC591CA5A90600D9A69E /* LaunchScreen.storyboard */; };
		83B3BC631CA5C5E500D9A69E /* Minecraft.ttf in Resources */ = {isa = PBXBuildFile; fileRef = 83B3BC621CA5C5E500D9A69E /* Minecraft.ttf */; };
/* End PBXBuildFile section */

/* Begin PBXFileReference section */
		83B3BC4D1CA5A90600D9A69E /* Retro-Calculator.app */ = {isa = PBXFileReference; explicitFileType = wrapper.application; includeInIndex = 0; path = "Retro-Calculator.app"; sourceTree = BUILT_PRODUCTS_DIR; };
		83B3BC501CA5A90600D9A69E /* AppDelegate.swift */ = {isa = PBXFileReference; lastKnownFileType = sourcecode.swift; path = AppDelegate.swift; sourceTree = "<group>"; };
		83B3BC521CA5A90600D9A69E /* ViewController.swift */ = {isa = PBXFileReference; lastKnownFileType = sourcecode.swift; path = ViewController.swift; sourceTree = "<group>"; };
		83B3BC551CA5A90600D9A69E /* Base */ = {isa = PBXFileReference; lastKnownFileType = file.storyboard; name = Base; path = Base.lproj/Main.storyboard; sourceTree = "<group>"; };
		83B3BC571CA5A90600D9A69E /* Assets.xcassets */ = {isa = PBXFileReference; lastKnownFileType = folder.assetcatalog; path = Assets.xcassets; sourceTree = "<group>"; };
		83B3BC5A1CA5A90600D9A69E /* Base */ = {isa = PBXFileReference; lastKnownFileType = file.storyboard; name = Base; path = Base.lproj/LaunchScreen.storyboard; sourceTree = "<group>"; };
		83B3BC5C1CA5A90600D9A69E /* Info.plist */ = {isa = PBXFileReference; lastKnownFileType = text.plist.xml; path = Info.plist; sourceTree = "<group>"; };
		83B3BC621CA5C5E500D9A69E /* Minecraft.ttf */ = {isa = PBXFileReference; lastKnownFileType = file; path = Minecraft.ttf; sourceTree = "<group>"; };
/* End PBXFileReference section */

/* Begin PBXFrameworksBuildPhase section */
		83B3BC4A1CA5A90600D9A69E /* Frameworks */ = {
			isa = PBXFrameworksBuildPhase;
			buildActionMask = 2147483647;
			files = (
			);
			runOnlyForDeploymentPostprocessing = 0;
		};
/* End PBXFrameworksBuildPhase section */

/* Begin PBXGroup section */
		83B3BC441CA5A90600D9A69E = {
			isa = PBXGroup;
			children = (
				83B3BC4F1CA5A90600D9A69E /* Retro-Calculator */,
				83B3BC4E1CA5A90600D9A69E /* Products */,
			);
			sourceTree = "<group>";
		};
		83B3BC4E1CA5A90600D9A69E /* Products */ = {
			isa = PBXGroup;
			children = (
				83B3BC4D1CA5A90600D9A69E /* Retro-Calculator.app */,
			);
			name = Products;
			sourceTree = "<group>";
		};
		83B3BC4F1CA5A90600D9A69E /* Retro-Calculator */ = {
			isa = PBXGroup;
			children = (
				83B3BC621CA5C5E500D9A69E /* Minecraft.ttf */,
				83B3BC501CA5A90600D9A69E /* AppDelegate.swift */,
				83B3BC521CA5A90600D9A69E /* ViewController.swift */,
				83B3BC541CA5A90600D9A69E /* Main.storyboard */,
				83B3BC571CA5A90600D9A69E /* Assets.xcassets */,
				83B3BC591CA5A90600D9A69E /* LaunchScreen.storyboard */,
				83B3BC5C1CA5A90600D9A69E /* Info.plist */,
			);
			path = "Retro-Calculator";
			sourceTree = "<group>";
		};
/* End PBXGroup section */

/* Begin PBXNativeTarget section */
		83B3BC4C1CA5A90600D9A69E /* Retro-Calculator */ = {
			isa = PBXNativeTarget;
			buildConfigurationList = 83B3BC5F1CA5A90600D9A69E /* Build configuration list for PBXNativeTarget "Retro-Calculator" */;
			buildPhases = (
				83B3BC491CA5A90600D9A69E /* Sources */,
				83B3BC4A1CA5A90600D9A69E /* Frameworks */,
				83B3BC4B1CA5A90600D9A69E /* Resources */,
			);
			buildRules = (
			);
			dependencies = (
			);
			name = "Retro-Calculator";
			productName = "Retro-Calculator";
			productReference = 83B3BC4D1CA5A90600D9A69E /* Retro-Calculator.app */;
			productType = "com.apple.product-type.application";
		};
/* End PBXNativeTarget section */

/* Begin PBXProject section */
		83B3BC451CA5A90600D9A69E /* Project object */ = {
			isa = PBXProject;
			attributes = {
				LastSwiftUpdateCheck = 0720;
				LastUpgradeCheck = 0720;
				ORGANIZATIONNAME = "Gabe Hoffman";
				TargetAttributes = {
					83B3BC4C1CA5A90600D9A69E = {
						CreatedOnToolsVersion = 7.2.1;
					};
				};
			};
			buildConfigurationList = 83B3BC481CA5A90600D9A69E /* Build configuration list for PBXProject "Retro-Calculator" */;
			compatibilityVersion = "Xcode 3.2";
			developmentRegion = English;
			hasScannedForEncodings = 0;
			knownRegions = (
				en,
				Base,
			);
			mainGroup = 83B3BC441CA5A90600D9A69E;
			productRefGroup = 83B3BC4E1CA5A90600D9A69E /* Products */;
			projectDirPath = "";
			projectRoot = "";
			targets = (
				83B3BC4C1CA5A90600D9A69E /* Retro-Calculator */,
			);
		};
/* End PBXProject section */

/* Begin PBXResourcesBuildPhase section */
		83B3BC4B1CA5A90600D9A69E /* Resources */ = {
			isa = PBXResourcesBuildPhase;
			buildActionMask = 2147483647;
			files = (
				83B3BC5B1CA5A90600D9A69E /* LaunchScreen.storyboard in Resources */,
				83B3BC581CA5A90600D9A69E /* Assets.xcassets in Resources */,
				83B3BC631CA5C5E500D9A69E /* Minecraft.ttf in Resources */,
				83B3BC561CA5A90600D9A69E /* Main.storyboard in Resources */,
			);
			runOnlyForDeploymentPostprocessing = 0;
		};
/* End PBXResourcesBuildPhase section */

/* Begin PBXSourcesBuildPhase section */
		83B3BC491CA5A90600D9A69E /* Sources */ = {
			isa = PBXSourcesBuildPhase;
			buildActionMask = 2147483647;
			files = (
				83B3BC531CA5A90600D9A69E /* ViewController.swift in Sources */,
				83B3BC511CA5A90600D9A69E /* AppDelegate.swift in Sources */,
			);
			runOnlyForDeploymentPostprocessing = 0;
		};
/* End PBXSourcesBuildPhase section */

/* Begin PBXVariantGroup section */
		83B3BC541CA5A90600D9A69E /* Main.storyboard */ = {
			isa = PBXVariantGroup;
			children = (
				83B3BC551CA5A90600D9A69E /* Base */,
			);
			name = Main.storyboard;
			sourceTree = "<group>";
		};
		83B3BC591CA5A90600D9A69E /* LaunchScreen.storyboard */ = {
			isa = PBXVariantGroup;
			children = (
				83B3BC5A1CA5A90600D9A69E /* Base */,
			);
			name = LaunchScreen.storyboard;
			sourceTree = "<group>";
		};
/* End PBXVariantGroup section */

/* Begin XCBuildConfiguration section */
		83B3BC5D1CA5A90600D9A69E /* Debug */ = {
			isa = XCBuildConfiguration;
			buildSettings = {
				ALWAYS_SEARCH_USER_PATHS = NO;
				CLANG_CXX_LANGUAGE_STANDARD = "gnu++0x";
				CLANG_CXX_LIBRARY = "libc++";
				CLANG_ENABLE_MODULES = YES;
				CLANG_ENABLE_OBJC_ARC = YES;
				CLANG_WARN_BOOL_CONVERSION = YES;
				CLANG_WARN_CONSTANT_CONVERSION = YES;
				CLANG_WARN_DIRECT_OBJC_ISA_USAGE = YES_ERROR;
				CLANG_WARN_EMPTY_BODY = YES;
				CLANG_WARN_ENUM_CONVERSION = YES;
				CLANG_WARN_INT_CONVERSION = YES;
				CLANG_WARN_OBJC_ROOT_CLASS = YES_ERROR;
				CLANG_WARN_UNREACHABLE_CODE = YES;
				CLANG_WARN__DUPLICATE_METHOD_MATCH = YES;
				"CODE_SIGN_IDENTITY[sdk=iphoneos*]" = "iPhone Developer";
				COPY_PHASE_STRIP = NO;
				DEBUG_INFORMATION_FORMAT = dwarf;
				ENABLE_STRICT_OBJC_MSGSEND = YES;
				ENABLE_TESTABILITY = YES;
				GCC_C_LANGUAGE_STANDARD = gnu99;
				GCC_DYNAMIC_NO_PIC = NO;
				GCC_NO_COMMON_BLOCKS = YES;
				GCC_OPTIMIZATION_LEVEL = 0;
				GCC_PREPROCESSOR_DEFINITIONS = (
					"DEBUG=1",
					"$(inherited)",
				);
				GCC_WARN_64_TO_32_BIT_CONVERSION = YES;
				GCC_WARN_ABOUT_RETURN_TYPE = YES_ERROR;
				GCC_WARN_UNDECLARED_SELECTOR = YES;
				GCC_WARN_UNINITIALIZED_AUTOS = YES_AGGRESSIVE;
				GCC_WARN_UNUSED_FUNCTION = YES;
				GCC_WARN_UNUSED_VARIABLE = YES;
				IPHONEOS_DEPLOYMENT_TARGET = 9.2;
				MTL_ENABLE_DEBUG_INFO = YES;
				ONLY_ACTIVE_ARCH = YES;
				SDKROOT = iphoneos;
				SWIFT_OPTIMIZATION_LEVEL = "-Onone";
				TARGETED_DEVICE_FAMILY = "1,2";
			};
			name = Debug;
		};
		83B3BC5E1CA5A90600D9A69E /* Release */ = {
			isa = XCBuildConfiguration;
			buildSettings = {
				ALWAYS_SEARCH_USER_PATHS = NO;
				CLANG_CXX_LANGUAGE_STANDARD = "gnu++0x";
				CLANG_CXX_LIBRARY = "libc++";
				CLANG_ENABLE_MODULES = YES;
				CLANG_ENABLE_OBJC_ARC = YES;
				CLANG_WARN_BOOL_CONVERSION = YES;
				CLANG_WARN_CONSTANT_CONVERSION = YES;
				CLANG_WARN_DIRECT_OBJC_ISA_USAGE = YES_ERROR;
				CLANG_WARN_EMPTY_BODY = YES;
				CLANG_WARN_ENUM_CONVERSION = YES;
				CLANG_WARN_INT_CONVERSION = YES;
				CLANG_WARN_OBJC_ROOT_CLASS = YES_ERROR;
				CLANG_WARN_UNREACHABLE_CODE = YES;
				CLANG_WARN__DUPLICATE_METHOD_MATCH = YES;
				"CODE_SIGN_IDENTITY[sdk=iphoneos*]" = "iPhone Developer";
				COPY_PHASE_STRIP = NO;
				DEBUG_INFORMATION_FORMAT = "dwarf-with-dsym";
				ENABLE_NS_ASSERTIONS = NO;
				ENABLE_STRICT_OBJC_MSGSEND = YES;
				GCC_C_LANGUAGE_STANDARD = gnu99;
				GCC_NO_COMMON_BLOCKS = YES;
				GCC_WARN_64_TO_32_BIT_CONVERSION = YES;
				GCC_WARN_ABOUT_RETURN_TYPE = YES_ERROR;
				GCC_WARN_UNDECLARED_SELECTOR = YES;
				GCC_WARN_UNINITIALIZED_AUTOS = YES_AGGRESSIVE;
				GCC_WARN_UNUSED_FUNCTION = YES;
				GCC_WARN_UNUSED_VARIABLE = YES;
				IPHONEOS_DEPLOYMENT_TARGET = 9.2;
				MTL_ENABLE_DEBUG_INFO = NO;
				SDKROOT = iphoneos;
				TARGETED_DEVICE_FAMILY = "1,2";
				VALIDATE_PRODUCT = YES;
			};
			name = Release;
		};
		83B3BC601CA5A90600D9A69E /* Debug */ = {
			isa = XCBuildConfiguration;
			buildSettings = {
				ASSETCATALOG_COMPILER_APPICON_NAME = AppIcon;
				INFOPLIST_FILE = "Retro-Calculator/Info.plist";
				LD_RUNPATH_SEARCH_PATHS = "$(inherited) @executable_path/Frameworks";
				PRODUCT_BUNDLE_IDENTIFIER = "tools.hoffman.Retro-Calculator";
				PRODUCT_NAME = "$(TARGET_NAME)";
			};
			name = Debug;
		};
		83B3BC611CA5A90600D9A69E /* Release */ = {
			isa = XCBuildConfiguration;
			buildSettings = {
				ASSETCATALOG_COMPILER_APPICON_NAME = AppIcon;
				INFOPLIST_FILE = "Retro-Calculator/Info.plist";
				LD_RUNPATH_SEARCH_PATHS = "$(inherited) @executable_path/Frameworks";
				PRODUCT_BUNDLE_IDENTIFIER = "tools.hoffman.Retro-Calculator";
				PRODUCT_NAME = "$(TARGET_NAME)";
			};
			name = Release;
		};
/* End XCBuildConfiguration section */

/* Begin XCConfigurationList section */
		83B3BC481CA5A90600D9A69E /* Build configuration list for PBXProject "Retro-Calculator" */ = {
			isa = XCConfigurationList;
			buildConfigurations = (
				83B3BC5D1CA5A90600D9A69E /* Debug */,
				83B3BC5E1CA5A90600D9A69E /* Release */,
			);
			defaultConfigurationIsVisible = 0;
			defaultConfigurationName = Release;
		};
		83B3BC5F1CA5A90600D9A69E /* Build configuration list for PBXNativeTarget "Retro-Calculator" */ = {
			isa = XCConfigurationList;
			buildConfigurations = (
				83B3BC601CA5A90600D9A69E /* Debug */,
				83B3BC611CA5A90600D9A69E /* Release */,
			);
			defaultConfigurationIsVisible = 0;
		};
/* End XCConfigurationList section */
	};
	rootObject = 83B3BC451CA5A90600D9A69E /* Project object */;
}
